
Microsoft Visual Studio Solution File, Format Version 12.00
# Visual Studio Version 17
VisualStudioVersion = 17.5.33502.453
MinimumVisualStudioVersion = 10.0.40219.1
Project("{9A19103F-16F7-4668-BE54-9A1E7A4F7556}") = "visualstudio_test", "visualstudio_test\visualstudio_test.csproj", "{6CD0CD50-926C-4979-88AA-1EB477F6273D}"
EndProject
Global
	GlobalSection(SolutionConfigurationPlatforms) = preSolution
		Debug|Any CPU = Debug|Any CPU
		Release|Any CPU = Release|Any CPU
	EndGlobalSection
	GlobalSection(ProjectConfigurationPlatforms) = postSolution
		{6CD0CD50-926C-4979-88AA-1EB477F6273D}.Debug|Any CPU.ActiveCfg = Debug|Any CPU
		{6CD0CD50-926C-4979-88AA-1EB477F6273D}.Debug|Any CPU.Build.0 = Debug|Any CPU
		{6CD0CD50-926C-4979-88AA-1EB477F6273D}.Release|Any CPU.ActiveCfg = Release|Any CPU
		{6CD0CD50-926C-4979-88AA-1EB477F6273D}.Release|Any CPU.Build.0 = Release|Any CPU
	EndGlobalSection
	GlobalSection(SolutionProperties) = preSolution
		HideSolutionNode = FALSE
	EndGlobalSection
	GlobalSection(ExtensibilityGlobals) = postSolution
		SolutionGuid = {90DB829D-5249-4CAD-8FD6-84FC7D869148}
	EndGlobalSection
EndGlobal
